
Microsoft Visual Studio Solution File, Format Version 12.00
# Visual Studio Version 17
VisualStudioVersion = 17.11.35303.130
MinimumVisualStudioVersion = 10.0.40219.1
Project("{8BC9CEB8-8B4A-11D0-8D11-00A0C91BC942}") = "HelloWorldCom", "HelloWorldCom\HelloWorldCom.vcxproj", "{7F0931AD-80FA-47C1-84FC-67F41EB787BA}"
EndProject
Project("{FAE04EC0-301F-11D3-BF4B-00C04F79EFBC}") = "TestCom", "TestCom\TestCom.csproj", "{11C85407-C79A-4EFB-B7AD-6E717505E260}"
EndProject
Global
	GlobalSection(SolutionConfigurationPlatforms) = preSolution
		Debug|Any CPU = Debug|Any CPU
		Debug|x64 = Debug|x64
		Debug|x86 = Debug|x86
		Release|Any CPU = Release|Any CPU
		Release|x64 = Release|x64
		Release|x86 = Release|x86
	EndGlobalSection
	GlobalSection(ProjectConfigurationPlatforms) = postSolution
		{7F0931AD-80FA-47C1-84FC-67F41EB787BA}.Debug|Any CPU.ActiveCfg = Debug|x64
		{7F0931AD-80FA-47C1-84FC-67F41EB787BA}.Debug|Any CPU.Build.0 = Debug|x64
		{7F0931AD-80FA-47C1-84FC-67F41EB787BA}.Debug|x64.ActiveCfg = Debug|x64
		{7F0931AD-80FA-47C1-84FC-67F41EB787BA}.Debug|x64.Build.0 = Debug|x64
		{7F0931AD-80FA-47C1-84FC-67F41EB787BA}.Debug|x86.ActiveCfg = Debug|Win32
		{7F0931AD-80FA-47C1-84FC-67F41EB787BA}.Debug|x86.Build.0 = Debug|Win32
		{7F0931AD-80FA-47C1-84FC-67F41EB787BA}.Release|Any CPU.ActiveCfg = Release|x64
		{7F0931AD-80FA-47C1-84FC-67F41EB787BA}.Release|Any CPU.Build.0 = Release|x64
		{7F0931AD-80FA-47C1-84FC-67F41EB787BA}.Release|x64.ActiveCfg = Release|x64
		{7F0931AD-80FA-47C1-84FC-67F41EB787BA}.Release|x64.Build.0 = Release|x64
		{7F0931AD-80FA-47C1-84FC-67F41EB787BA}.Release|x86.ActiveCfg = Release|Win32
		{7F0931AD-80FA-47C1-84FC-67F41EB787BA}.Release|x86.Build.0 = Release|Win32
		{11C85407-C79A-4EFB-B7AD-6E717505E260}.Debug|Any CPU.ActiveCfg = Debug|Any CPU
		{11C85407-C79A-4EFB-B7AD-6E717505E260}.Debug|Any CPU.Build.0 = Debug|Any CPU
		{11C85407-C79A-4EFB-B7AD-6E717505E260}.Debug|x64.ActiveCfg = Debug|Any CPU
		{11C85407-C79A-4EFB-B7AD-6E717505E260}.Debug|x64.Build.0 = Debug|Any CPU
		{11C85407-C79A-4EFB-B7AD-6E717505E260}.Debug|x86.ActiveCfg = Debug|Any CPU
		{11C85407-C79A-4EFB-B7AD-6E717505E260}.Debug|x86.Build.0 = Debug|Any CPU
		{11C85407-C79A-4EFB-B7AD-6E717505E260}.Release|Any CPU.ActiveCfg = Release|Any CPU
		{11C85407-C79A-4EFB-B7AD-6E717505E260}.Release|Any CPU.Build.0 = Release|Any CPU
		{11C85407-C79A-4EFB-B7AD-6E717505E260}.Release|x64.ActiveCfg = Release|Any CPU
		{11C85407-C79A-4EFB-B7AD-6E717505E260}.Release|x64.Build.0 = Release|Any CPU
		{11C85407-C79A-4EFB-B7AD-6E717505E260}.Release|x86.ActiveCfg = Release|Any CPU
		{11C85407-C79A-4EFB-B7AD-6E717505E260}.Release|x86.Build.0 = Release|Any CPU
	EndGlobalSection
	GlobalSection(SolutionProperties) = preSolution
		HideSolutionNode = FALSE
	EndGlobalSection
	GlobalSection(ExtensibilityGlobals) = postSolution
		SolutionGuid = {A74581FC-6658-40F9-86B0-F8E56F9F06F6}
	EndGlobalSection
EndGlobal
